// !$*UTF8*$!
{
	archiveVersion = 1;
	classes = {
	};
	objectVersion = 50;
	objects = {

/* Begin PBXBuildFile section */
		EAFD378F216B41610040B415 /* AppDelegate.swift in Sources */ = {isa = PBXBuildFile; fileRef = EAFD378E216B41610040B415 /* AppDelegate.swift */; };
		EAFD3791216B41610040B415 /* ViewController.swift in Sources */ = {isa = PBXBuildFile; fileRef = EAFD3790216B41610040B415 /* ViewController.swift */; };
		EAFD3794216B41610040B415 /* Main.storyboard in Resources */ = {isa = PBXBuildFile; fileRef = EAFD3792216B41610040B415 /* Main.storyboard */; };
		EAFD3796216B41640040B415 /* Assets.xcassets in Resources */ = {isa = PBXBuildFile; fileRef = EAFD3795216B41640040B415 /* Assets.xcassets */; };
		EAFD3799216B41640040B415 /* LaunchScreen.storyboard in Resources */ = {isa = PBXBuildFile; fileRef = EAFD3797216B41640040B415 /* LaunchScreen.storyboard */; };
		EAFD37A1216B42020040B415 /* triangleView.swift in Sources */ = {isa = PBXBuildFile; fileRef = EAFD37A0216B42020040B415 /* triangleView.swift */; };
/* End PBXBuildFile section */

/* Begin PBXFileReference section */
		EAFD378B216B41610040B415 /* triangleprobe.app */ = {isa = PBXFileReference; explicitFileType = wrapper.application; includeInIndex = 0; path = triangleprobe.app; sourceTree = BUILT_PRODUCTS_DIR; };
		EAFD378E216B41610040B415 /* AppDelegate.swift */ = {isa = PBXFileReference; lastKnownFileType = sourcecode.swift; path = AppDelegate.swift; sourceTree = "<group>"; };
		EAFD3790216B41610040B415 /* ViewController.swift */ = {isa = PBXFileReference; lastKnownFileType = sourcecode.swift; path = ViewController.swift; sourceTree = "<group>"; };
		EAFD3793216B41610040B415 /* Base */ = {isa = PBXFileReference; lastKnownFileType = file.storyboard; name = Base; path = Base.lproj/Main.storyboard; sourceTree = "<group>"; };
		EAFD3795216B41640040B415 /* Assets.xcassets */ = {isa = PBXFileReference; lastKnownFileType = folder.assetcatalog; path = Assets.xcassets; sourceTree = "<group>"; };
		EAFD3798216B41640040B415 /* Base */ = {isa = PBXFileReference; lastKnownFileType = file.storyboard; name = Base; path = Base.lproj/LaunchScreen.storyboard; sourceTree = "<group>"; };
		EAFD379A216B41640040B415 /* Info.plist */ = {isa = PBXFileReference; lastKnownFileType = text.plist.xml; path = Info.plist; sourceTree = "<group>"; };
		EAFD37A0216B42020040B415 /* triangleView.swift */ = {isa = PBXFileReference; lastKnownFileType = sourcecode.swift; path = triangleView.swift; sourceTree = "<group>"; };
/* End PBXFileReference section */

/* Begin PBXFrameworksBuildPhase section */
		EAFD3788216B41610040B415 /* Frameworks */ = {
			isa = PBXFrameworksBuildPhase;
			buildActionMask = 2147483647;
			files = (
			);
			runOnlyForDeploymentPostprocessing = 0;
		};
/* End PBXFrameworksBuildPhase section */

/* Begin PBXGroup section */
		EAFD3782216B41610040B415 = {
			isa = PBXGroup;
			children = (
				EAFD378D216B41610040B415 /* triangleprobe */,
				EAFD378C216B41610040B415 /* Products */,
			);
			sourceTree = "<group>";
		};
		EAFD378C216B41610040B415 /* Products */ = {
			isa = PBXGroup;
			children = (
				EAFD378B216B41610040B415 /* triangleprobe.app */,
			);
			name = Products;
			sourceTree = "<group>";
		};
		EAFD378D216B41610040B415 /* triangleprobe */ = {
			isa = PBXGroup;
			children = (
				EAFD378E216B41610040B415 /* AppDelegate.swift */,
				EAFD3790216B41610040B415 /* ViewController.swift */,
				EAFD3792216B41610040B415 /* Main.storyboard */,
				EAFD3795216B41640040B415 /* Assets.xcassets */,
				EAFD3797216B41640040B415 /* LaunchScreen.storyboard */,
				EAFD379A216B41640040B415 /* Info.plist */,
				EAFD37A0216B42020040B415 /* triangleView.swift */,
			);
			path = triangleprobe;
			sourceTree = "<group>";
		};
/* End PBXGroup section */

/* Begin PBXNativeTarget section */
		EAFD378A216B41610040B415 /* triangleprobe */ = {
			isa = PBXNativeTarget;
			buildConfigurationList = EAFD379D216B41640040B415 /* Build configuration list for PBXNativeTarget "triangleprobe" */;
			buildPhases = (
				EAFD3787216B41610040B415 /* Sources */,
				EAFD3788216B41610040B415 /* Frameworks */,
				EAFD3789216B41610040B415 /* Resources */,
			);
			buildRules = (
			);
			dependencies = (
			);
			name = triangleprobe;
			productName = triangleprobe;
			productReference = EAFD378B216B41610040B415 /* triangleprobe.app */;
			productType = "com.apple.product-type.application";
		};
/* End PBXNativeTarget section */

/* Begin PBXProject section */
		EAFD3783216B41610040B415 /* Project object */ = {
			isa = PBXProject;
			attributes = {
				LastSwiftUpdateCheck = 0940;
				LastUpgradeCheck = 0940;
				ORGANIZATIONNAME = "Isabel Rodríguez Ruiz";
				TargetAttributes = {
					EAFD378A216B41610040B415 = {
						CreatedOnToolsVersion = 9.4.1;
					};
				};
			};
			buildConfigurationList = EAFD3786216B41610040B415 /* Build configuration list for PBXProject "triangleprobe" */;
			compatibilityVersion = "Xcode 9.3";
			developmentRegion = en;
			hasScannedForEncodings = 0;
			knownRegions = (
				en,
				Base,
			);
			mainGroup = EAFD3782216B41610040B415;
			productRefGroup = EAFD378C216B41610040B415 /* Products */;
			projectDirPath = "";
			projectRoot = "";
			targets = (
				EAFD378A216B41610040B415 /* triangleprobe */,
			);
		};
/* End PBXProject section */

/* Begin PBXResourcesBuildPhase section */
		EAFD3789216B41610040B415 /* Resources */ = {
			isa = PBXResourcesBuildPhase;
			buildActionMask = 2147483647;
			files = (
				EAFD3799216B41640040B415 /* LaunchScreen.storyboard in Resources */,
				EAFD3796216B41640040B415 /* Assets.xcassets in Resources */,
				EAFD3794216B41610040B415 /* Main.storyboard in Resources */,
			);
			runOnlyForDeploymentPostprocessing = 0;
		};
/* End PBXResourcesBuildPhase section */

/* Begin PBXSourcesBuildPhase section */
		EAFD3787216B41610040B415 /* Sources */ = {
			isa = PBXSourcesBuildPhase;
			buildActionMask = 2147483647;
			files = (
				EAFD3791216B41610040B415 /* ViewController.swift in Sources */,
				EAFD378F216B41610040B415 /* AppDelegate.swift in Sources */,
				EAFD37A1216B42020040B415 /* triangleView.swift in Sources */,
			);
			runOnlyForDeploymentPostprocessing = 0;
		};
/* End PBXSourcesBuildPhase section */

/* Begin PBXVariantGroup section */
		EAFD3792216B41610040B415 /* Main.storyboard */ = {
			isa = PBXVariantGroup;
			children = (
				EAFD3793216B41610040B415 /* Base */,
			);
			name = Main.storyboard;
			sourceTree = "<group>";
		};
		EAFD3797216B41640040B415 /* LaunchScreen.storyboard */ = {
			isa = PBXVariantGroup;
			children = (
				EAFD3798216B41640040B415 /* Base */,
			);
			name = LaunchScreen.storyboard;
			sourceTree = "<group>";
		};
/* End PBXVariantGroup section */

/* Begin XCBuildConfiguration section */
		EAFD379B216B41640040B415 /* Debug */ = {
			isa = XCBuildConfiguration;
			buildSettings = {
				ALWAYS_SEARCH_USER_PATHS = NO;
				CLANG_ANALYZER_NONNULL = YES;
				CLANG_ANALYZER_NUMBER_OBJECT_CONVERSION = YES_AGGRESSIVE;
				CLANG_CXX_LANGUAGE_STANDARD = "gnu++14";
				CLANG_CXX_LIBRARY = "libc++";
				CLANG_ENABLE_MODULES = YES;
				CLANG_ENABLE_OBJC_ARC = YES;
				CLANG_ENABLE_OBJC_WEAK = YES;
				CLANG_WARN_BLOCK_CAPTURE_AUTORELEASING = YES;
				CLANG_WARN_BOOL_CONVERSION = YES;
				CLANG_WARN_COMMA = YES;
				CLANG_WARN_CONSTANT_CONVERSION = YES;
				CLANG_WARN_DEPRECATED_OBJC_IMPLEMENTATIONS = YES;
				CLANG_WARN_DIRECT_OBJC_ISA_USAGE = YES_ERROR;
				CLANG_WARN_DOCUMENTATION_COMMENTS = YES;
				CLANG_WARN_EMPTY_BODY = YES;
				CLANG_WARN_ENUM_CONVERSION = YES;
				CLANG_WARN_INFINITE_RECURSION = YES;
				CLANG_WARN_INT_CONVERSION = YES;
				CLANG_WARN_NON_LITERAL_NULL_CONVERSION = YES;
				CLANG_WARN_OBJC_IMPLICIT_RETAIN_SELF = YES;
				CLANG_WARN_OBJC_LITERAL_CONVERSION = YES;
				CLANG_WARN_OBJC_ROOT_CLASS = YES_ERROR;
				CLANG_WARN_RANGE_LOOP_ANALYSIS = YES;
				CLANG_WARN_STRICT_PROTOTYPES = YES;
				CLANG_WARN_SUSPICIOUS_MOVE = YES;
				CLANG_WARN_UNGUARDED_AVAILABILITY = YES_AGGRESSIVE;
				CLANG_WARN_UNREACHABLE_CODE = YES;
				CLANG_WARN__DUPLICATE_METHOD_MATCH = YES;
				CODE_SIGN_IDENTITY = "iPhone Developer";
				COPY_PHASE_STRIP = NO;
				DEBUG_INFORMATION_FORMAT = dwarf;
				ENABLE_STRICT_OBJC_MSGSEND = YES;
				ENABLE_TESTABILITY = YES;
				GCC_C_LANGUAGE_STANDARD = gnu11;
				GCC_DYNAMIC_NO_PIC = NO;
				GCC_NO_COMMON_BLOCKS = YES;
				GCC_OPTIMIZATION_LEVEL = 0;
				GCC_PREPROCESSOR_DEFINITIONS = (
					"DEBUG=1",
					"$(inherited)",
				);
				GCC_WARN_64_TO_32_BIT_CONVERSION = YES;
				GCC_WARN_ABOUT_RETURN_TYPE = YES_ERROR;
				GCC_WARN_UNDECLARED_SELECTOR = YES;
				GCC_WARN_UNINITIALIZED_AUTOS = YES_AGGRESSIVE;
				GCC_WARN_UNUSED_FUNCTION = YES;
				GCC_WARN_UNUSED_VARIABLE = YES;
				IPHONEOS_DEPLOYMENT_TARGET = 11.4;
				MTL_ENABLE_DEBUG_INFO = YES;
				ONLY_ACTIVE_ARCH = YES;
				SDKROOT = iphoneos;
				SWIFT_ACTIVE_COMPILATION_CONDITIONS = DEBUG;
				SWIFT_OPTIMIZATION_LEVEL = "-Onone";
			};
			name = Debug;
		};
		EAFD379C216B41640040B415 /* Release */ = {
			isa = XCBuildConfiguration;
			buildSettings = {
				ALWAYS_SEARCH_USER_PATHS = NO;
				CLANG_ANALYZER_NONNULL = YES;
				CLANG_ANALYZER_NUMBER_OBJECT_CONVERSION = YES_AGGRESSIVE;
				CLANG_CXX_LANGUAGE_STANDARD = "gnu++14";
				CLANG_CXX_LIBRARY = "libc++";
				CLANG_ENABLE_MODULES = YES;
				CLANG_ENABLE_OBJC_ARC = YES;
				CLANG_ENABLE_OBJC_WEAK = YES;
				CLANG_WARN_BLOCK_CAPTURE_AUTORELEASING = YES;
				CLANG_WARN_BOOL_CONVERSION = YES;
				CLANG_WARN_COMMA = YES;
				CLANG_WARN_CONSTANT_CONVERSION = YES;
				CLANG_WARN_DEPRECATED_OBJC_IMPLEMENTATIONS = YES;
				CLANG_WARN_DIRECT_OBJC_ISA_USAGE = YES_ERROR;
				CLANG_WARN_DOCUMENTATION_COMMENTS = YES;
				CLANG_WARN_EMPTY_BODY = YES;
				CLANG_WARN_ENUM_CONVERSION = YES;
				CLANG_WARN_INFINITE_RECURSION = YES;
				CLANG_WARN_INT_CONVERSION = YES;
				CLANG_WARN_NON_LITERAL_NULL_CONVERSION = YES;
				CLANG_WARN_OBJC_IMPLICIT_RETAIN_SELF = YES;
				CLANG_WARN_OBJC_LITERAL_CONVERSION = YES;
				CLANG_WARN_OBJC_ROOT_CLASS = YES_ERROR;
				CLANG_WARN_RANGE_LOOP_ANALYSIS = YES;
				CLANG_WARN_STRICT_PROTOTYPES = YES;
				CLANG_WARN_SUSPICIOUS_MOVE = YES;
				CLANG_WARN_UNGUARDED_AVAILABILITY = YES_AGGRESSIVE;
				CLANG_WARN_UNREACHABLE_CODE = YES;
				CLANG_WARN__DUPLICATE_METHOD_MATCH = YES;
				CODE_SIGN_IDENTITY = "iPhone Developer";
				COPY_PHASE_STRIP = NO;
				DEBUG_INFORMATION_FORMAT = "dwarf-with-dsym";
				ENABLE_NS_ASSERTIONS = NO;
				ENABLE_STRICT_OBJC_MSGSEND = YES;
				GCC_C_LANGUAGE_STANDARD = gnu11;
				GCC_NO_COMMON_BLOCKS = YES;
				GCC_WARN_64_TO_32_BIT_CONVERSION = YES;
				GCC_WARN_ABOUT_RETURN_TYPE = YES_ERROR;
				GCC_WARN_UNDECLARED_SELECTOR = YES;
				GCC_WARN_UNINITIALIZED_AUTOS = YES_AGGRESSIVE;
				GCC_WARN_UNUSED_FUNCTION = YES;
				GCC_WARN_UNUSED_VARIABLE = YES;
				IPHONEOS_DEPLOYMENT_TARGET = 11.4;
				MTL_ENABLE_DEBUG_INFO = NO;
				SDKROOT = iphoneos;
				SWIFT_COMPILATION_MODE = wholemodule;
				SWIFT_OPTIMIZATION_LEVEL = "-O";
				VALIDATE_PRODUCT = YES;
			};
			name = Release;
		};
		EAFD379E216B41640040B415 /* Debug */ = {
			isa = XCBuildConfiguration;
			buildSettings = {
				ASSETCATALOG_COMPILER_APPICON_NAME = AppIcon;
				CODE_SIGN_STYLE = Automatic;
				DEVELOPMENT_TEAM = GGBPPCBC4G;
				INFOPLIST_FILE = triangleprobe/Info.plist;
				LD_RUNPATH_SEARCH_PATHS = (
					"$(inherited)",
					"@executable_path/Frameworks",
				);
				PRODUCT_BUNDLE_IDENTIFIER = es.upm.triangleprobe;
				PRODUCT_NAME = "$(TARGET_NAME)";
				SWIFT_VERSION = 4.0;
				TARGETED_DEVICE_FAMILY = "1,2";
			};
			name = Debug;
		};
		EAFD379F216B41640040B415 /* Release */ = {
			isa = XCBuildConfiguration;
			buildSettings = {
				ASSETCATALOG_COMPILER_APPICON_NAME = AppIcon;
				CODE_SIGN_STYLE = Automatic;
				DEVELOPMENT_TEAM = GGBPPCBC4G;
				INFOPLIST_FILE = triangleprobe/Info.plist;
				LD_RUNPATH_SEARCH_PATHS = (
					"$(inherited)",
					"@executable_path/Frameworks",
				);
				PRODUCT_BUNDLE_IDENTIFIER = es.upm.triangleprobe;
				PRODUCT_NAME = "$(TARGET_NAME)";
				SWIFT_VERSION = 4.0;
				TARGETED_DEVICE_FAMILY = "1,2";
			};
			name = Release;
		};
/* End XCBuildConfiguration section */

/* Begin XCConfigurationList section */
		EAFD3786216B41610040B415 /* Build configuration list for PBXProject "triangleprobe" */ = {
			isa = XCConfigurationList;
			buildConfigurations = (
				EAFD379B216B41640040B415 /* Debug */,
				EAFD379C216B41640040B415 /* Release */,
			);
			defaultConfigurationIsVisible = 0;
			defaultConfigurationName = Release;
		};
		EAFD379D216B41640040B415 /* Build configuration list for PBXNativeTarget "triangleprobe" */ = {
			isa = XCConfigurationList;
			buildConfigurations = (
				EAFD379E216B41640040B415 /* Debug */,
				EAFD379F216B41640040B415 /* Release */,
			);
			defaultConfigurationIsVisible = 0;
			defaultConfigurationName = Release;
		};
/* End XCConfigurationList section */
	};
	rootObject = EAFD3783216B41610040B415 /* Project object */;
}
